{
  "name": "mvc-is-dead-ngrx",
  "version": "0.0.0",
  "lockfileVersion": 1,
  "dependencies": {
    "@angular/cdk": {
      "version": "2.0.0-beta.8",
      "resolved": "http://repo.ryanair.com:8081/artifactory/api/npm/ryanair-npm/@angular/cdk/-/cdk-2.0.0-beta.8.tgz",
      "integrity": "sha1-cZYchR376xngheiYv15EYUCPi1c="
    },
    "@angular/material": {
      "version": "2.0.0-beta.8",
      "resolved": "http://repo.ryanair.com:8081/artifactory/api/npm/ryanair-npm/@angular/material/-/material-2.0.0-beta.8.tgz",
      "integrity": "sha1-qShSq8kmGuomwkAfV2ZFRwvizzg="
    },
    "tslib": {
      "version": "1.7.1",
      "resolved": "http://repo.ryanair.com:8081/artifactory/api/npm/ryanair-npm/tslib/-/tslib-1.7.1.tgz",
      "integrity": "sha1-vIAEFkaRkjp5/oN4u+s9ogF1OOw="
    }
  }
}
